// !$*UTF8*$!
{
	archiveVersion = 1;
	classes = {
	};
	objectVersion = 55;
	objects = {

/* Begin PBXBuildFile section */
		1503057C28C3520400B1AF50 /* CreateGoalVC.swift in Sources */ = {isa = PBXBuildFile; fileRef = 1503057B28C3520400B1AF50 /* CreateGoalVC.swift */; };
		1503057E28C3574B00B1AF50 /* UIViewControllerExt.swift in Sources */ = {isa = PBXBuildFile; fileRef = 1503057D28C3574B00B1AF50 /* UIViewControllerExt.swift */; };
		1503058028C3924F00B1AF50 /* UIViewExt.swift in Sources */ = {isa = PBXBuildFile; fileRef = 1503057F28C3924F00B1AF50 /* UIViewExt.swift */; };
		1503058228C3946D00B1AF50 /* UIButtonExt.swift in Sources */ = {isa = PBXBuildFile; fileRef = 1503058128C3946D00B1AF50 /* UIButtonExt.swift */; };
		1503058428C399FB00B1AF50 /* FinishGoalVC.swift in Sources */ = {isa = PBXBuildFile; fileRef = 1503058328C399FB00B1AF50 /* FinishGoalVC.swift */; };
		151CE91328BCF294009029C0 /* AppDelegate.swift in Sources */ = {isa = PBXBuildFile; fileRef = 151CE91228BCF294009029C0 /* AppDelegate.swift */; };
		151CE91528BCF294009029C0 /* SceneDelegate.swift in Sources */ = {isa = PBXBuildFile; fileRef = 151CE91428BCF294009029C0 /* SceneDelegate.swift */; };
		151CE91728BCF294009029C0 /* GoalsVC.swift in Sources */ = {isa = PBXBuildFile; fileRef = 151CE91628BCF294009029C0 /* GoalsVC.swift */; };
		151CE91A28BCF294009029C0 /* Main.storyboard in Resources */ = {isa = PBXBuildFile; fileRef = 151CE91828BCF294009029C0 /* Main.storyboard */; };
		151CE91D28BCF294009029C0 /* goalpost_app.xcdatamodeld in Sources */ = {isa = PBXBuildFile; fileRef = 151CE91B28BCF294009029C0 /* goalpost_app.xcdatamodeld */; };
		151CE91F28BCF296009029C0 /* Assets.xcassets in Resources */ = {isa = PBXBuildFile; fileRef = 151CE91E28BCF296009029C0 /* Assets.xcassets */; };
		151CE92228BCF296009029C0 /* LaunchScreen.storyboard in Resources */ = {isa = PBXBuildFile; fileRef = 151CE92028BCF296009029C0 /* LaunchScreen.storyboard */; };
		1535A22B28BFA4270082F5A3 /* GoalCell.swift in Sources */ = {isa = PBXBuildFile; fileRef = 1535A22A28BFA4270082F5A3 /* GoalCell.swift */; };
		1535A22D28BFD09D0082F5A3 /* GoalType.swift in Sources */ = {isa = PBXBuildFile; fileRef = 1535A22C28BFD09D0082F5A3 /* GoalType.swift */; };
/* End PBXBuildFile section */

/* Begin PBXFileReference section */
		1503057B28C3520400B1AF50 /* CreateGoalVC.swift */ = {isa = PBXFileReference; lastKnownFileType = sourcecode.swift; path = CreateGoalVC.swift; sourceTree = "<group>"; };
		1503057D28C3574B00B1AF50 /* UIViewControllerExt.swift */ = {isa = PBXFileReference; lastKnownFileType = sourcecode.swift; path = UIViewControllerExt.swift; sourceTree = "<group>"; };
		1503057F28C3924F00B1AF50 /* UIViewExt.swift */ = {isa = PBXFileReference; lastKnownFileType = sourcecode.swift; path = UIViewExt.swift; sourceTree = "<group>"; };
		1503058128C3946D00B1AF50 /* UIButtonExt.swift */ = {isa = PBXFileReference; lastKnownFileType = sourcecode.swift; path = UIButtonExt.swift; sourceTree = "<group>"; };
		1503058328C399FB00B1AF50 /* FinishGoalVC.swift */ = {isa = PBXFileReference; lastKnownFileType = sourcecode.swift; path = FinishGoalVC.swift; sourceTree = "<group>"; };
		151CE90F28BCF294009029C0 /* goalpost-app.app */ = {isa = PBXFileReference; explicitFileType = wrapper.application; includeInIndex = 0; path = "goalpost-app.app"; sourceTree = BUILT_PRODUCTS_DIR; };
		151CE91228BCF294009029C0 /* AppDelegate.swift */ = {isa = PBXFileReference; lastKnownFileType = sourcecode.swift; path = AppDelegate.swift; sourceTree = "<group>"; };
		151CE91428BCF294009029C0 /* SceneDelegate.swift */ = {isa = PBXFileReference; lastKnownFileType = sourcecode.swift; path = SceneDelegate.swift; sourceTree = "<group>"; };
		151CE91628BCF294009029C0 /* GoalsVC.swift */ = {isa = PBXFileReference; lastKnownFileType = sourcecode.swift; path = GoalsVC.swift; sourceTree = "<group>"; };
		151CE91928BCF294009029C0 /* Base */ = {isa = PBXFileReference; lastKnownFileType = file.storyboard; name = Base; path = Base.lproj/Main.storyboard; sourceTree = "<group>"; };
		151CE91C28BCF294009029C0 /* goalpost_app.xcdatamodel */ = {isa = PBXFileReference; lastKnownFileType = wrapper.xcdatamodel; path = goalpost_app.xcdatamodel; sourceTree = "<group>"; };
		151CE91E28BCF296009029C0 /* Assets.xcassets */ = {isa = PBXFileReference; lastKnownFileType = folder.assetcatalog; path = Assets.xcassets; sourceTree = "<group>"; };
		151CE92128BCF296009029C0 /* Base */ = {isa = PBXFileReference; lastKnownFileType = file.storyboard; name = Base; path = Base.lproj/LaunchScreen.storyboard; sourceTree = "<group>"; };
		151CE92328BCF296009029C0 /* Info.plist */ = {isa = PBXFileReference; lastKnownFileType = text.plist.xml; path = Info.plist; sourceTree = "<group>"; };
		1535A22A28BFA4270082F5A3 /* GoalCell.swift */ = {isa = PBXFileReference; lastKnownFileType = sourcecode.swift; path = GoalCell.swift; sourceTree = "<group>"; };
		1535A22C28BFD09D0082F5A3 /* GoalType.swift */ = {isa = PBXFileReference; lastKnownFileType = sourcecode.swift; path = GoalType.swift; sourceTree = "<group>"; };
/* End PBXFileReference section */

/* Begin PBXFrameworksBuildPhase section */
		151CE90C28BCF294009029C0 /* Frameworks */ = {
			isa = PBXFrameworksBuildPhase;
			buildActionMask = 2147483647;
			files = (
			);
			runOnlyForDeploymentPostprocessing = 0;
		};
/* End PBXFrameworksBuildPhase section */

/* Begin PBXGroup section */
		151CE90628BCF294009029C0 = {
			isa = PBXGroup;
			children = (
				151CE91128BCF294009029C0 /* goalpost-app */,
				151CE91028BCF294009029C0 /* Products */,
			);
			sourceTree = "<group>";
		};
		151CE91028BCF294009029C0 /* Products */ = {
			isa = PBXGroup;
			children = (
				151CE90F28BCF294009029C0 /* goalpost-app.app */,
			);
			name = Products;
			sourceTree = "<group>";
		};
		151CE91128BCF294009029C0 /* goalpost-app */ = {
			isa = PBXGroup;
			children = (
				151CE92C28BCF2F0009029C0 /* Extensions */,
				151CE92B28BCF2E6009029C0 /* Enums */,
				151CE92A28BCF2D9009029C0 /* View */,
				151CE92928BCF2D3009029C0 /* Controller */,
				151CE91228BCF294009029C0 /* AppDelegate.swift */,
				151CE91428BCF294009029C0 /* SceneDelegate.swift */,
				151CE91828BCF294009029C0 /* Main.storyboard */,
				151CE91E28BCF296009029C0 /* Assets.xcassets */,
				151CE92028BCF296009029C0 /* LaunchScreen.storyboard */,
				151CE92328BCF296009029C0 /* Info.plist */,
				151CE91B28BCF294009029C0 /* goalpost_app.xcdatamodeld */,
			);
			path = "goalpost-app";
			sourceTree = "<group>";
		};
		151CE92928BCF2D3009029C0 /* Controller */ = {
			isa = PBXGroup;
			children = (
				151CE91628BCF294009029C0 /* GoalsVC.swift */,
				1503057B28C3520400B1AF50 /* CreateGoalVC.swift */,
				1503058328C399FB00B1AF50 /* FinishGoalVC.swift */,
			);
			path = Controller;
			sourceTree = "<group>";
		};
		151CE92A28BCF2D9009029C0 /* View */ = {
			isa = PBXGroup;
			children = (
				1535A22A28BFA4270082F5A3 /* GoalCell.swift */,
			);
			path = View;
			sourceTree = "<group>";
		};
		151CE92B28BCF2E6009029C0 /* Enums */ = {
			isa = PBXGroup;
			children = (
				1535A22C28BFD09D0082F5A3 /* GoalType.swift */,
			);
			path = Enums;
			sourceTree = "<group>";
		};
		151CE92C28BCF2F0009029C0 /* Extensions */ = {
			isa = PBXGroup;
			children = (
				1503057D28C3574B00B1AF50 /* UIViewControllerExt.swift */,
				1503057F28C3924F00B1AF50 /* UIViewExt.swift */,
				1503058128C3946D00B1AF50 /* UIButtonExt.swift */,
			);
			path = Extensions;
			sourceTree = "<group>";
		};
/* End PBXGroup section */

/* Begin PBXNativeTarget section */
		151CE90E28BCF294009029C0 /* goalpost-app */ = {
			isa = PBXNativeTarget;
			buildConfigurationList = 151CE92628BCF296009029C0 /* Build configuration list for PBXNativeTarget "goalpost-app" */;
			buildPhases = (
				151CE90B28BCF294009029C0 /* Sources */,
				151CE90C28BCF294009029C0 /* Frameworks */,
				151CE90D28BCF294009029C0 /* Resources */,
			);
			buildRules = (
			);
			dependencies = (
			);
			name = "goalpost-app";
			productName = "goalpost-app";
			productReference = 151CE90F28BCF294009029C0 /* goalpost-app.app */;
			productType = "com.apple.product-type.application";
		};
/* End PBXNativeTarget section */

/* Begin PBXProject section */
		151CE90728BCF294009029C0 /* Project object */ = {
			isa = PBXProject;
			attributes = {
				BuildIndependentTargetsInParallel = 1;
				LastSwiftUpdateCheck = 1340;
				LastUpgradeCheck = 1340;
				TargetAttributes = {
					151CE90E28BCF294009029C0 = {
						CreatedOnToolsVersion = 13.4.1;
					};
				};
			};
			buildConfigurationList = 151CE90A28BCF294009029C0 /* Build configuration list for PBXProject "goalpost-app" */;
			compatibilityVersion = "Xcode 13.0";
			developmentRegion = en;
			hasScannedForEncodings = 0;
			knownRegions = (
				en,
				Base,
			);
			mainGroup = 151CE90628BCF294009029C0;
			productRefGroup = 151CE91028BCF294009029C0 /* Products */;
			projectDirPath = "";
			projectRoot = "";
			targets = (
				151CE90E28BCF294009029C0 /* goalpost-app */,
			);
		};
/* End PBXProject section */

/* Begin PBXResourcesBuildPhase section */
		151CE90D28BCF294009029C0 /* Resources */ = {
			isa = PBXResourcesBuildPhase;
			buildActionMask = 2147483647;
			files = (
				151CE92228BCF296009029C0 /* LaunchScreen.storyboard in Resources */,
				151CE91F28BCF296009029C0 /* Assets.xcassets in Resources */,
				151CE91A28BCF294009029C0 /* Main.storyboard in Resources */,
			);
			runOnlyForDeploymentPostprocessing = 0;
		};
/* End PBXResourcesBuildPhase section */

/* Begin PBXSourcesBuildPhase section */
		151CE90B28BCF294009029C0 /* Sources */ = {
			isa = PBXSourcesBuildPhase;
			buildActionMask = 2147483647;
			files = (
				1503058028C3924F00B1AF50 /* UIViewExt.swift in Sources */,
				1503058228C3946D00B1AF50 /* UIButtonExt.swift in Sources */,
				151CE91728BCF294009029C0 /* GoalsVC.swift in Sources */,
				151CE91328BCF294009029C0 /* AppDelegate.swift in Sources */,
				1503057E28C3574B00B1AF50 /* UIViewControllerExt.swift in Sources */,
				1503058428C399FB00B1AF50 /* FinishGoalVC.swift in Sources */,
				1535A22D28BFD09D0082F5A3 /* GoalType.swift in Sources */,
				151CE91D28BCF294009029C0 /* goalpost_app.xcdatamodeld in Sources */,
				1503057C28C3520400B1AF50 /* CreateGoalVC.swift in Sources */,
				1535A22B28BFA4270082F5A3 /* GoalCell.swift in Sources */,
				151CE91528BCF294009029C0 /* SceneDelegate.swift in Sources */,
			);
			runOnlyForDeploymentPostprocessing = 0;
		};
/* End PBXSourcesBuildPhase section */

/* Begin PBXVariantGroup section */
		151CE91828BCF294009029C0 /* Main.storyboard */ = {
			isa = PBXVariantGroup;
			children = (
				151CE91928BCF294009029C0 /* Base */,
			);
			name = Main.storyboard;
			sourceTree = "<group>";
		};
		151CE92028BCF296009029C0 /* LaunchScreen.storyboard */ = {
			isa = PBXVariantGroup;
			children = (
				151CE92128BCF296009029C0 /* Base */,
			);
			name = LaunchScreen.storyboard;
			sourceTree = "<group>";
		};
/* End PBXVariantGroup section */

/* Begin XCBuildConfiguration section */
		151CE92428BCF296009029C0 /* Debug */ = {
			isa = XCBuildConfiguration;
			buildSettings = {
				ALWAYS_SEARCH_USER_PATHS = NO;
				CLANG_ANALYZER_NONNULL = YES;
				CLANG_ANALYZER_NUMBER_OBJECT_CONVERSION = YES_AGGRESSIVE;
				CLANG_CXX_LANGUAGE_STANDARD = "gnu++17";
				CLANG_ENABLE_MODULES = YES;
				CLANG_ENABLE_OBJC_ARC = YES;
				CLANG_ENABLE_OBJC_WEAK = YES;
				CLANG_WARN_BLOCK_CAPTURE_AUTORELEASING = YES;
				CLANG_WARN_BOOL_CONVERSION = YES;
				CLANG_WARN_COMMA = YES;
				CLANG_WARN_CONSTANT_CONVERSION = YES;
				CLANG_WARN_DEPRECATED_OBJC_IMPLEMENTATIONS = YES;
				CLANG_WARN_DIRECT_OBJC_ISA_USAGE = YES_ERROR;
				CLANG_WARN_DOCUMENTATION_COMMENTS = YES;
				CLANG_WARN_EMPTY_BODY = YES;
				CLANG_WARN_ENUM_CONVERSION = YES;
				CLANG_WARN_INFINITE_RECURSION = YES;
				CLANG_WARN_INT_CONVERSION = YES;
				CLANG_WARN_NON_LITERAL_NULL_CONVERSION = YES;
				CLANG_WARN_OBJC_IMPLICIT_RETAIN_SELF = YES;
				CLANG_WARN_OBJC_LITERAL_CONVERSION = YES;
				CLANG_WARN_OBJC_ROOT_CLASS = YES_ERROR;
				CLANG_WARN_QUOTED_INCLUDE_IN_FRAMEWORK_HEADER = YES;
				CLANG_WARN_RANGE_LOOP_ANALYSIS = YES;
				CLANG_WARN_STRICT_PROTOTYPES = YES;
				CLANG_WARN_SUSPICIOUS_MOVE = YES;
				CLANG_WARN_UNGUARDED_AVAILABILITY = YES_AGGRESSIVE;
				CLANG_WARN_UNREACHABLE_CODE = YES;
				CLANG_WARN__DUPLICATE_METHOD_MATCH = YES;
				COPY_PHASE_STRIP = NO;
				DEBUG_INFORMATION_FORMAT = dwarf;
				ENABLE_STRICT_OBJC_MSGSEND = YES;
				ENABLE_TESTABILITY = YES;
				GCC_C_LANGUAGE_STANDARD = gnu11;
				GCC_DYNAMIC_NO_PIC = NO;
				GCC_NO_COMMON_BLOCKS = YES;
				GCC_OPTIMIZATION_LEVEL = 0;
				GCC_PREPROCESSOR_DEFINITIONS = (
					"DEBUG=1",
					"$(inherited)",
				);
				GCC_WARN_64_TO_32_BIT_CONVERSION = YES;
				GCC_WARN_ABOUT_RETURN_TYPE = YES_ERROR;
				GCC_WARN_UNDECLARED_SELECTOR = YES;
				GCC_WARN_UNINITIALIZED_AUTOS = YES_AGGRESSIVE;
				GCC_WARN_UNUSED_FUNCTION = YES;
				GCC_WARN_UNUSED_VARIABLE = YES;
				IPHONEOS_DEPLOYMENT_TARGET = 15.5;
				MTL_ENABLE_DEBUG_INFO = INCLUDE_SOURCE;
				MTL_FAST_MATH = YES;
				ONLY_ACTIVE_ARCH = YES;
				SDKROOT = iphoneos;
				SWIFT_ACTIVE_COMPILATION_CONDITIONS = DEBUG;
				SWIFT_OPTIMIZATION_LEVEL = "-Onone";
			};
			name = Debug;
		};
		151CE92528BCF296009029C0 /* Release */ = {
			isa = XCBuildConfiguration;
			buildSettings = {
				ALWAYS_SEARCH_USER_PATHS = NO;
				CLANG_ANALYZER_NONNULL = YES;
				CLANG_ANALYZER_NUMBER_OBJECT_CONVERSION = YES_AGGRESSIVE;
				CLANG_CXX_LANGUAGE_STANDARD = "gnu++17";
				CLANG_ENABLE_MODULES = YES;
				CLANG_ENABLE_OBJC_ARC = YES;
				CLANG_ENABLE_OBJC_WEAK = YES;
				CLANG_WARN_BLOCK_CAPTURE_AUTORELEASING = YES;
				CLANG_WARN_BOOL_CONVERSION = YES;
				CLANG_WARN_COMMA = YES;
				CLANG_WARN_CONSTANT_CONVERSION = YES;
				CLANG_WARN_DEPRECATED_OBJC_IMPLEMENTATIONS = YES;
				CLANG_WARN_DIRECT_OBJC_ISA_USAGE = YES_ERROR;
				CLANG_WARN_DOCUMENTATION_COMMENTS = YES;
				CLANG_WARN_EMPTY_BODY = YES;
				CLANG_WARN_ENUM_CONVERSION = YES;
				CLANG_WARN_INFINITE_RECURSION = YES;
				CLANG_WARN_INT_CONVERSION = YES;
				CLANG_WARN_NON_LITERAL_NULL_CONVERSION = YES;
				CLANG_WARN_OBJC_IMPLICIT_RETAIN_SELF = YES;
				CLANG_WARN_OBJC_LITERAL_CONVERSION = YES;
				CLANG_WARN_OBJC_ROOT_CLASS = YES_ERROR;
				CLANG_WARN_QUOTED_INCLUDE_IN_FRAMEWORK_HEADER = YES;
				CLANG_WARN_RANGE_LOOP_ANALYSIS = YES;
				CLANG_WARN_STRICT_PROTOTYPES = YES;
				CLANG_WARN_SUSPICIOUS_MOVE = YES;
				CLANG_WARN_UNGUARDED_AVAILABILITY = YES_AGGRESSIVE;
				CLANG_WARN_UNREACHABLE_CODE = YES;
				CLANG_WARN__DUPLICATE_METHOD_MATCH = YES;
				COPY_PHASE_STRIP = NO;
				DEBUG_INFORMATION_FORMAT = "dwarf-with-dsym";
				ENABLE_NS_ASSERTIONS = NO;
				ENABLE_STRICT_OBJC_MSGSEND = YES;
				GCC_C_LANGUAGE_STANDARD = gnu11;
				GCC_NO_COMMON_BLOCKS = YES;
				GCC_WARN_64_TO_32_BIT_CONVERSION = YES;
				GCC_WARN_ABOUT_RETURN_TYPE = YES_ERROR;
				GCC_WARN_UNDECLARED_SELECTOR = YES;
				GCC_WARN_UNINITIALIZED_AUTOS = YES_AGGRESSIVE;
				GCC_WARN_UNUSED_FUNCTION = YES;
				GCC_WARN_UNUSED_VARIABLE = YES;
				IPHONEOS_DEPLOYMENT_TARGET = 15.5;
				MTL_ENABLE_DEBUG_INFO = NO;
				MTL_FAST_MATH = YES;
				SDKROOT = iphoneos;
				SWIFT_COMPILATION_MODE = wholemodule;
				SWIFT_OPTIMIZATION_LEVEL = "-O";
				VALIDATE_PRODUCT = YES;
			};
			name = Release;
		};
		151CE92728BCF296009029C0 /* Debug */ = {
			isa = XCBuildConfiguration;
			buildSettings = {
				ASSETCATALOG_COMPILER_APPICON_NAME = AppIcon;
				ASSETCATALOG_COMPILER_GLOBAL_ACCENT_COLOR_NAME = AccentColor;
				CODE_SIGN_STYLE = Automatic;
				CURRENT_PROJECT_VERSION = 2;
				DEVELOPMENT_TEAM = JCUGSY43PK;
				GENERATE_INFOPLIST_FILE = YES;
				INFOPLIST_FILE = "goalpost-app/Info.plist";
				INFOPLIST_KEY_UIApplicationSupportsIndirectInputEvents = YES;
				INFOPLIST_KEY_UILaunchStoryboardName = LaunchScreen;
				INFOPLIST_KEY_UIMainStoryboardFile = Main;
				INFOPLIST_KEY_UISupportedInterfaceOrientations = UIInterfaceOrientationPortraitUpsideDown;
				INFOPLIST_KEY_UISupportedInterfaceOrientations_iPad = "UIInterfaceOrientationPortrait UIInterfaceOrientationPortraitUpsideDown UIInterfaceOrientationLandscapeLeft UIInterfaceOrientationLandscapeRight";
				INFOPLIST_KEY_UISupportedInterfaceOrientations_iPhone = "UIInterfaceOrientationPortrait UIInterfaceOrientationLandscapeLeft UIInterfaceOrientationLandscapeRight";
				LD_RUNPATH_SEARCH_PATHS = (
					"$(inherited)",
					"@executable_path/Frameworks",
				);
				MARKETING_VERSION = 2.1;
				PRODUCT_BUNDLE_IDENTIFIER = "com.hovmikayelyan.goalpost-app";
				PRODUCT_NAME = "$(TARGET_NAME)";
				SWIFT_EMIT_LOC_STRINGS = YES;
				SWIFT_VERSION = 5.0;
				TARGETED_DEVICE_FAMILY = "1,2";
			};
			name = Debug;
		};
		151CE92828BCF296009029C0 /* Release */ = {
			isa = XCBuildConfiguration;
			buildSettings = {
				ASSETCATALOG_COMPILER_APPICON_NAME = AppIcon;
				ASSETCATALOG_COMPILER_GLOBAL_ACCENT_COLOR_NAME = AccentColor;
				CODE_SIGN_STYLE = Automatic;
				CURRENT_PROJECT_VERSION = 2;
				DEVELOPMENT_TEAM = JCUGSY43PK;
				GENERATE_INFOPLIST_FILE = YES;
				INFOPLIST_FILE = "goalpost-app/Info.plist";
				INFOPLIST_KEY_UIApplicationSupportsIndirectInputEvents = YES;
				INFOPLIST_KEY_UILaunchStoryboardName = LaunchScreen;
				INFOPLIST_KEY_UIMainStoryboardFile = Main;
				INFOPLIST_KEY_UISupportedInterfaceOrientations = UIInterfaceOrientationPortraitUpsideDown;
				INFOPLIST_KEY_UISupportedInterfaceOrientations_iPad = "UIInterfaceOrientationPortrait UIInterfaceOrientationPortraitUpsideDown UIInterfaceOrientationLandscapeLeft UIInterfaceOrientationLandscapeRight";
				INFOPLIST_KEY_UISupportedInterfaceOrientations_iPhone = "UIInterfaceOrientationPortrait UIInterfaceOrientationLandscapeLeft UIInterfaceOrientationLandscapeRight";
				LD_RUNPATH_SEARCH_PATHS = (
					"$(inherited)",
					"@executable_path/Frameworks",
				);
				MARKETING_VERSION = 2.1;
				PRODUCT_BUNDLE_IDENTIFIER = "com.hovmikayelyan.goalpost-app";
				PRODUCT_NAME = "$(TARGET_NAME)";
				SWIFT_EMIT_LOC_STRINGS = YES;
				SWIFT_VERSION = 5.0;
				TARGETED_DEVICE_FAMILY = "1,2";
			};
			name = Release;
		};
/* End XCBuildConfiguration section */

/* Begin XCConfigurationList section */
		151CE90A28BCF294009029C0 /* Build configuration list for PBXProject "goalpost-app" */ = {
			isa = XCConfigurationList;
			buildConfigurations = (
				151CE92428BCF296009029C0 /* Debug */,
				151CE92528BCF296009029C0 /* Release */,
			);
			defaultConfigurationIsVisible = 0;
			defaultConfigurationName = Release;
		};
		151CE92628BCF296009029C0 /* Build configuration list for PBXNativeTarget "goalpost-app" */ = {
			isa = XCConfigurationList;
			buildConfigurations = (
				151CE92728BCF296009029C0 /* Debug */,
				151CE92828BCF296009029C0 /* Release */,
			);
			defaultConfigurationIsVisible = 0;
			defaultConfigurationName = Release;
		};
/* End XCConfigurationList section */

/* Begin XCVersionGroup section */
		151CE91B28BCF294009029C0 /* goalpost_app.xcdatamodeld */ = {
			isa = XCVersionGroup;
			children = (
				151CE91C28BCF294009029C0 /* goalpost_app.xcdatamodel */,
			);
			currentVersion = 151CE91C28BCF294009029C0 /* goalpost_app.xcdatamodel */;
			path = goalpost_app.xcdatamodeld;
			sourceTree = "<group>";
			versionGroupType = wrapper.xcdatamodel;
		};
/* End XCVersionGroup section */
	};
	rootObject = 151CE90728BCF294009029C0 /* Project object */;
}
